github.com/adramalech/lets-go-app v0.0.0-20200804005732-b0f6ad2200ae h1:mpHF5knA4WCukForwyZH2W7TU1AIJwLU/NNO3fEV9aQ=
github.com/adramalech/lets-go-app v0.0.0-20200813010806-ba7adc4c4445 h1:/Ez6c3HRtB6Ef75YEsHirQ2pUj+r6stwTI52m+Y/zHg=
github.com/go-sql-driver/mysql v1.5.0 h1:ozyZYNQW3x3HtqT1jira07DN2PArx2v7/mN66gGcHOs=
github.com/go-sql-driver/mysql v1.5.0/go.mod h1:DCzpHaOWr8IXmIStZouvnhqoel9Qv2LBy8hT2VhHyBg=
